{
  "version": 4,
  "terraform_version": "1.12.1",
  "serial": 83,
  "lineage": "b098684d-1819-2db0-1ebc-5d23579432ec",
  "outputs": {
    "activemq_admin_url": {
      "value": "http://172.173.163.116:8161/admin",
      "type": "string"
    },
    "archivesspace_staff_url": {
      "value": "http://172.173.163.116/staff/",
      "type": "string"
    },
    "archivesspace_url": {
      "value": "http://172.173.163.116",
      "type": "string"
    },
    "demo_data_script": {
      "value": "#!/bin/bash\n# Load ArchivesSpace Demo Data\n# This script downloads and imports the official ArchivesSpace demo data\n\nset -e\n\necho \"=== Loading ArchivesSpace Demo Data ===\"\necho \"\"\n\n# Check if we're in the right directory\nif [ ! -f \"docker-compose.yml\" ]; then\n    echo \"Error: This script must be run from the ArchivesSpace directory\"\n    echo \"Please run: cd ~/archivesspace/archivesspace \u0026\u0026 ./load-demo-data.sh\"\n    exit 1\nfi\n\n# Download demo data\necho \"Downloading demo data from ArchivesSpace GitHub repository...\"\nwget -O demo.sql 'https://raw.githubusercontent.com/archivesspace/archivesspace/master/demo.sql'\n\nif [ $? -ne 0 ]; then\n    echo \"Error: Failed to download demo data\"\n    exit 1\nfi\n\necho \"Demo data downloaded successfully (7.8MB)\"\necho \"\"\n\n# Import demo data into MySQL\necho \"Importing demo data into MySQL database...\"\ndocker compose exec -T db mysql -u root -p123456 archivesspace \u003c demo.sql\n\nif [ $? -ne 0 ]; then\n    echo \"Error: Failed to import demo data\"\n    exit 1\nfi\n\necho \"Demo data imported successfully!\"\necho \"\"\n\n# Verify the import\necho \"Verifying demo data import...\"\ndocker compose exec -T db mysql -u root -p123456 archivesspace -e \"\nSELECT 'Repositories' as type, COUNT(*) as count FROM repository\nUNION ALL\nSELECT 'Accessions' as type, COUNT(*) as count FROM accession  \nUNION ALL\nSELECT 'Resources' as type, COUNT(*) as count FROM resource\nUNION ALL\nSELECT 'Agents' as type, COUNT(*) as count FROM agent_person\nUNION ALL\nSELECT 'Subjects' as type, COUNT(*) as count FROM subject;\"\n\necho \"\"\necho \"=== Demo Data Load Complete ===\"\necho \"\"\necho \"Your ArchivesSpace now contains sample data including:\"\necho \"  - 3 Repositories\"\necho \"  - 6 Accessions\" \necho \"  - 21 Resources (Collections)\"\necho \"  - Multiple Agents (People, Organizations, Families)\"\necho \"  - Subjects and other archival records\"\necho \"\"\necho \"Access your ArchivesSpace at:\"\necho \"  - Public Interface: http://$(curl -s ifconfig.me)/\"\necho \"  - Staff Interface: http://$(curl -s ifconfig.me)/staff/\"\necho \"\"\necho \"Default login credentials: admin / admin\"\necho \"\"\necho \"Demo data source: https://raw.githubusercontent.com/archivesspace/archivesspace/master/demo.sql\"\n",
      "type": "string"
    },
    "digital_objects_script": {
      "value": "#!/bin/bash\n# Setup Digital Objects for ArchivesSpace\n\nset -e\n\necho \"=== Setting up Digital Objects for ArchivesSpace ===\"\necho \"\"\n\n# Navigate to ArchivesSpace directory\ncd /home/azureuser/archivesspace/archivesspace\n\n# Create digital objects configuration\ncat \u003e\u003e config/config.rb \u003c\u003c 'EOF'\n\n# Digital Objects Configuration\nAppConfig[:enable_digital_objects] = true\nAppConfig[:digital_object_file_versions] = true\nAppConfig[:digital_object_thumbnail_storage] = :file_system\nAppConfig[:digital_object_thumbnail_path] = \"/tmp/aspace_thumbnails\"\n\n# File upload settings\nAppConfig[:max_file_size] = 100 * 1024 * 1024  # 100MB\nAppConfig[:allowed_file_types] = ['jpg', 'jpeg', 'png', 'gif', 'pdf', 'tiff', 'tif', 'mp4', 'mov', 'avi']\n\n# Fedora integration for digital objects\nAppConfig[:fedora_url] = \"http://localhost:8086/fcrepo/rest\"\nAppConfig[:fedora_username] = \"fedoraAdmin\"\nAppConfig[:fedora_password] = \"fedoraAdmin\"\nEOF\n\n# Create thumbnail directory\nmkdir -p /tmp/aspace_thumbnails\nchown azureuser:azureuser /tmp/aspace_thumbnails\n\n# Restart ArchivesSpace to apply changes\necho \"Restarting ArchivesSpace to apply digital object configuration...\"\ncd /home/azureuser/archivesspace\ndocker-compose restart archivesspace\n\necho \"Digital objects setup complete!\"\necho \"ArchivesSpace is now configured for digital object management.\"\n",
      "type": "string"
    },
    "fedora_url": {
      "value": "http://172.173.163.116:8086/fcrepo/rest",
      "type": "string"
    },
    "public_ip_address": {
      "value": "172.173.163.116",
      "type": "string"
    },
    "ssh_command": {
      "value": "ssh azureuser@172.173.163.116",
      "type": "string"
    }
  },
  "resources": [
    {
      "mode": "managed",
      "type": "azurerm_linux_virtual_machine",
      "name": "vm",
      "provider": "provider[\"registry.terraform.io/hashicorp/azurerm\"]",
      "instances": [
        {
          "schema_version": 0,
          "attributes": {
            "additional_capabilities": [],
            "admin_password": null,
            "admin_ssh_key": [
              {
                "public_key": "ssh-rsa AAAAB3NzaC1yc2EAAAADAQABAAACAQDCob26B/DYDJbiCde82Yq9sEjt9BZgLaRjW7mkKZECIg3GkfCJxpNvMxp9rsiilk4gyMyxE9NigaHBP6Om1FIQ+hl9UV/92KPA7p9+9CXc0LL4INEwolI4OsYqG8lIgmALMXlYTcJunUnW8xjHyxxsMChOqzzwfI1X6PvJno+3oclzBfuvNM13EXDIRy+2fj9ph7wuE+vHBpAcJm3wJ65dR4UgDGyHzWeydW9pUjbxx8QEQ285XRDG0lqPsvtdxd0BZd3Ik4HmTZWLqPLAgbhl5Ejzx25Yf4tszD9KtX3ZHyaWR1PBSD9czlmYezB/fqjyoO2L21hweeomdCQqFIZ+K57uVUb4uyANEJ4O5s22UZm/CmDPDx3rw6QTdZMKIL466OIkh/74U8w459gXCtYxyMMcMGU9vdQx7jN2spuqkAhtAdQlGBXLwXJrfgzyfXs6Ns6TAj46c6uwMhviRgqjNcHZ9OktgrtfR1HOiMoY9nCseKYd5oes2IQnErXwFa5mcqB+nrvDc5vTob8nUHtbUZcl2fK3PGvM4t53l8aX38R6bx2GeYE+q1qJaHfkLpfCO5X3ii2JOSOdB5sqE/n0SD3AbzfSK1FRlW40YX9KsQuPBxOZBk2nNc5TfEniZqBLCfdNVMLM2DeMQXhPR/Smv0y2WU7vr5KsLJSvb5hWJw== shakir@Shakirs-MacBook-Pro.local",
                "username": "azureuser"
              }
            ],
            "admin_username": "azureuser",
            "allow_extension_operations": true,
            "availability_set_id": "",
            "boot_diagnostics": [],
            "bypass_platform_safety_checks_on_user_schedule_enabled": false,
            "capacity_reservation_group_id": "",
            "computer_name": "vm-archivespace",
            "custom_data": null,
            "dedicated_host_group_id": "",
            "dedicated_host_id": "",
            "disable_password_authentication": true,
            "disk_controller_type": "",
            "edge_zone": "",
            "encryption_at_host_enabled": false,
            "eviction_policy": "",
            "extensions_time_budget": "PT1H30M",
            "gallery_application": [],
            "id": "/subscriptions/bb649e30-d650-43a7-a6d1-2c85eab4d156/resourceGroups/rg-archivespace-demo/providers/Microsoft.Compute/virtualMachines/vm-archivespace",
            "identity": [],
            "license_type": "",
            "location": "eastus",
            "max_bid_price": -1,
            "name": "vm-archivespace",
            "network_interface_ids": [
              "/subscriptions/bb649e30-d650-43a7-a6d1-2c85eab4d156/resourceGroups/rg-archivespace-demo/providers/Microsoft.Network/networkInterfaces/nic-archivespace"
            ],
            "os_disk": [
              {
                "caching": "ReadWrite",
                "diff_disk_settings": [],
                "disk_encryption_set_id": "",
                "disk_size_gb": 30,
                "id": "/subscriptions/bb649e30-d650-43a7-a6d1-2c85eab4d156/resourceGroups/rg-archivespace-demo/providers/Microsoft.Compute/disks/osdisk-archivespace",
                "name": "osdisk-archivespace",
                "secure_vm_disk_encryption_set_id": "",
                "security_encryption_type": "",
                "storage_account_type": "Premium_LRS",
                "write_accelerator_enabled": false
              }
            ],
            "os_image_notification": [],
            "patch_assessment_mode": "ImageDefault",
            "patch_mode": "ImageDefault",
            "plan": [],
            "platform_fault_domain": -1,
            "priority": "Regular",
            "private_ip_address": "10.0.1.4",
            "private_ip_addresses": [
              "10.0.1.4"
            ],
            "provision_vm_agent": true,
            "proximity_placement_group_id": "",
            "public_ip_address": "172.173.163.116",
            "public_ip_addresses": [
              "172.173.163.116"
            ],
            "reboot_setting": "",
            "resource_group_name": "rg-archivespace-demo",
            "secret": [],
            "secure_boot_enabled": false,
            "size": "Standard_D8s_v3",
            "source_image_id": "",
            "source_image_reference": [
              {
                "offer": "0001-com-ubuntu-server-focal",
                "publisher": "Canonical",
                "sku": "20_04-lts",
                "version": "latest"
              }
            ],
            "tags": {},
            "termination_notification": [],
            "timeouts": null,
            "user_data": "",
            "virtual_machine_id": "f85451c7-93d9-4a62-a8a3-8f7dcaf56e11",
            "virtual_machine_scale_set_id": "",
            "vm_agent_platform_updates_enabled": false,
            "vtpm_enabled": false,
            "zone": ""
          },
          "sensitive_attributes": [
            [
              {
                "type": "get_attr",
                "value": "admin_password"
              }
            ],
            [
              {
                "type": "get_attr",
                "value": "custom_data"
              }
            ]
          ],
          "identity_schema_version": 0,
          "private": "eyJlMmJmYjczMC1lY2FhLTExZTYtOGY4OC0zNDM2M2JjN2M0YzAiOnsiY3JlYXRlIjoyNzAwMDAwMDAwMDAwLCJkZWxldGUiOjI3MDAwMDAwMDAwMDAsInJlYWQiOjMwMDAwMDAwMDAwMCwidXBkYXRlIjoyNzAwMDAwMDAwMDAwfX0=",
          "dependencies": [
            "azurerm_network_interface.nic",
            "azurerm_public_ip.public_ip",
            "azurerm_resource_group.rg",
            "azurerm_subnet.subnet",
            "azurerm_virtual_network.vnet"
          ]
        }
      ]
    },
    {
      "mode": "managed",
      "type": "azurerm_network_interface",
      "name": "nic",
      "provider": "provider[\"registry.terraform.io/hashicorp/azurerm\"]",
      "instances": [
        {
          "schema_version": 0,
          "attributes": {
            "accelerated_networking_enabled": false,
            "applied_dns_servers": [],
            "auxiliary_mode": "",
            "auxiliary_sku": "",
            "dns_servers": [],
            "edge_zone": "",
            "id": "/subscriptions/bb649e30-d650-43a7-a6d1-2c85eab4d156/resourceGroups/rg-archivespace-demo/providers/Microsoft.Network/networkInterfaces/nic-archivespace",
            "internal_dns_name_label": "",
            "internal_domain_name_suffix": "",
            "ip_configuration": [
              {
                "gateway_load_balancer_frontend_ip_configuration_id": "",
                "name": "internal",
                "primary": true,
                "private_ip_address": "10.0.1.4",
                "private_ip_address_allocation": "Dynamic",
                "private_ip_address_version": "IPv4",
                "public_ip_address_id": "/subscriptions/bb649e30-d650-43a7-a6d1-2c85eab4d156/resourceGroups/rg-archivespace-demo/providers/Microsoft.Network/publicIPAddresses/publicip-archivespace",
                "subnet_id": "/subscriptions/bb649e30-d650-43a7-a6d1-2c85eab4d156/resourceGroups/rg-archivespace-demo/providers/Microsoft.Network/virtualNetworks/vnet-archivespace/subnets/subnet-archivespace"
              }
            ],
            "ip_forwarding_enabled": false,
            "location": "eastus",
            "mac_address": "60-45-BD-FE-3D-D6",
            "name": "nic-archivespace",
            "private_ip_address": "10.0.1.4",
            "private_ip_addresses": [
              "10.0.1.4"
            ],
            "resource_group_name": "rg-archivespace-demo",
            "tags": {},
            "timeouts": null,
            "virtual_machine_id": "/subscriptions/bb649e30-d650-43a7-a6d1-2c85eab4d156/resourceGroups/rg-archivespace-demo/providers/Microsoft.Compute/virtualMachines/vm-archivespace"
          },
          "sensitive_attributes": [],
          "identity_schema_version": 0,
          "identity": {
            "name": "nic-archivespace",
            "resource_group_name": "rg-archivespace-demo",
            "subscription_id": "bb649e30-d650-43a7-a6d1-2c85eab4d156"
          },
          "private": "eyJlMmJmYjczMC1lY2FhLTExZTYtOGY4OC0zNDM2M2JjN2M0YzAiOnsiY3JlYXRlIjoxODAwMDAwMDAwMDAwLCJkZWxldGUiOjE4MDAwMDAwMDAwMDAsInJlYWQiOjMwMDAwMDAwMDAwMCwidXBkYXRlIjoxODAwMDAwMDAwMDAwfX0=",
          "dependencies": [
            "azurerm_public_ip.public_ip",
            "azurerm_resource_group.rg",
            "azurerm_subnet.subnet",
            "azurerm_virtual_network.vnet"
          ]
        }
      ]
    },
    {
      "mode": "managed",
      "type": "azurerm_network_interface_security_group_association",
      "name": "nsg_assoc",
      "provider": "provider[\"registry.terraform.io/hashicorp/azurerm\"]",
      "instances": [
        {
          "schema_version": 0,
          "attributes": {
            "id": "/subscriptions/bb649e30-d650-43a7-a6d1-2c85eab4d156/resourceGroups/rg-archivespace-demo/providers/Microsoft.Network/networkInterfaces/nic-archivespace|/subscriptions/bb649e30-d650-43a7-a6d1-2c85eab4d156/resourceGroups/rg-archivespace-demo/providers/Microsoft.Network/networkSecurityGroups/nsg-archivespace",
            "network_interface_id": "/subscriptions/bb649e30-d650-43a7-a6d1-2c85eab4d156/resourceGroups/rg-archivespace-demo/providers/Microsoft.Network/networkInterfaces/nic-archivespace",
            "network_security_group_id": "/subscriptions/bb649e30-d650-43a7-a6d1-2c85eab4d156/resourceGroups/rg-archivespace-demo/providers/Microsoft.Network/networkSecurityGroups/nsg-archivespace",
            "timeouts": null
          },
          "sensitive_attributes": [],
          "identity_schema_version": 0,
          "private": "eyJlMmJmYjczMC1lY2FhLTExZTYtOGY4OC0zNDM2M2JjN2M0YzAiOnsiY3JlYXRlIjoxODAwMDAwMDAwMDAwLCJkZWxldGUiOjE4MDAwMDAwMDAwMDAsInJlYWQiOjMwMDAwMDAwMDAwMH19",
          "dependencies": [
            "azurerm_network_interface.nic",
            "azurerm_network_security_group.nsg",
            "azurerm_public_ip.public_ip",
            "azurerm_resource_group.rg",
            "azurerm_subnet.subnet",
            "azurerm_virtual_network.vnet"
          ]
        }
      ]
    },
    {
      "mode": "managed",
      "type": "azurerm_network_security_group",
      "name": "nsg",
      "provider": "provider[\"registry.terraform.io/hashicorp/azurerm\"]",
      "instances": [
        {
          "schema_version": 0,
          "attributes": {
            "id": "/subscriptions/bb649e30-d650-43a7-a6d1-2c85eab4d156/resourceGroups/rg-archivespace-demo/providers/Microsoft.Network/networkSecurityGroups/nsg-archivespace",
            "location": "eastus",
            "name": "nsg-archivespace",
            "resource_group_name": "rg-archivespace-demo",
            "security_rule": [
              {
                "access": "Allow",
                "description": "",
                "destination_address_prefix": "*",
                "destination_address_prefixes": [],
                "destination_application_security_group_ids": [],
                "destination_port_range": "",
                "destination_port_ranges": [
                  "3306",
                  "8080",
                  "8081",
                  "8089",
                  "8983"
                ],
                "direction": "Inbound",
                "name": "ArchivesSpace",
                "priority": 1003,
                "protocol": "Tcp",
                "source_address_prefix": "*",
                "source_address_prefixes": [],
                "source_application_security_group_ids": [],
                "source_port_range": "*",
                "source_port_ranges": []
              },
              {
                "access": "Allow",
                "description": "",
                "destination_address_prefix": "*",
                "destination_address_prefixes": [],
                "destination_application_security_group_ids": [],
                "destination_port_range": "",
                "destination_port_ranges": [
                  "61616",
                  "8086",
                  "8161"
                ],
                "direction": "Inbound",
                "name": "Fedora",
                "priority": 1004,
                "protocol": "Tcp",
                "source_address_prefix": "*",
                "source_address_prefixes": [],
                "source_application_security_group_ids": [],
                "source_port_range": "*",
                "source_port_ranges": []
              },
              {
                "access": "Allow",
                "description": "",
                "destination_address_prefix": "*",
                "destination_address_prefixes": [],
                "destination_application_security_group_ids": [],
                "destination_port_range": "22",
                "destination_port_ranges": [],
                "direction": "Inbound",
                "name": "SSH",
                "priority": 1001,
                "protocol": "Tcp",
                "source_address_prefix": "*",
                "source_address_prefixes": [],
                "source_application_security_group_ids": [],
                "source_port_range": "*",
                "source_port_ranges": []
              },
              {
                "access": "Allow",
                "description": "",
                "destination_address_prefix": "*",
                "destination_address_prefixes": [],
                "destination_application_security_group_ids": [],
                "destination_port_range": "80",
                "destination_port_ranges": [],
                "direction": "Inbound",
                "name": "HTTP",
                "priority": 1002,
                "protocol": "Tcp",
                "source_address_prefix": "*",
                "source_address_prefixes": [],
                "source_application_security_group_ids": [],
                "source_port_range": "*",
                "source_port_ranges": []
              }
            ],
            "tags": {},
            "timeouts": null
          },
          "sensitive_attributes": [],
          "identity_schema_version": 0,
          "identity": {
            "name": "nsg-archivespace",
            "resource_group_name": "rg-archivespace-demo",
            "subscription_id": "bb649e30-d650-43a7-a6d1-2c85eab4d156"
          },
          "private": "eyJlMmJmYjczMC1lY2FhLTExZTYtOGY4OC0zNDM2M2JjN2M0YzAiOnsiY3JlYXRlIjoxODAwMDAwMDAwMDAwLCJkZWxldGUiOjE4MDAwMDAwMDAwMDAsInJlYWQiOjMwMDAwMDAwMDAwMCwidXBkYXRlIjoxODAwMDAwMDAwMDAwfX0=",
          "dependencies": [
            "azurerm_resource_group.rg"
          ]
        }
      ]
    },
    {
      "mode": "managed",
      "type": "azurerm_public_ip",
      "name": "public_ip",
      "provider": "provider[\"registry.terraform.io/hashicorp/azurerm\"]",
      "instances": [
        {
          "schema_version": 0,
          "attributes": {
            "allocation_method": "Static",
            "ddos_protection_mode": "VirtualNetworkInherited",
            "ddos_protection_plan_id": null,
            "domain_name_label": null,
            "domain_name_label_scope": null,
            "edge_zone": "",
            "fqdn": null,
            "id": "/subscriptions/bb649e30-d650-43a7-a6d1-2c85eab4d156/resourceGroups/rg-archivespace-demo/providers/Microsoft.Network/publicIPAddresses/publicip-archivespace",
            "idle_timeout_in_minutes": 4,
            "ip_address": "172.173.163.116",
            "ip_tags": {},
            "ip_version": "IPv4",
            "location": "eastus",
            "name": "publicip-archivespace",
            "public_ip_prefix_id": null,
            "resource_group_name": "rg-archivespace-demo",
            "reverse_fqdn": null,
            "sku": "Standard",
            "sku_tier": "Regional",
            "tags": {},
            "timeouts": null,
            "zones": []
          },
          "sensitive_attributes": [],
          "identity_schema_version": 0,
          "private": "eyJlMmJmYjczMC1lY2FhLTExZTYtOGY4OC0zNDM2M2JjN2M0YzAiOnsiY3JlYXRlIjoxODAwMDAwMDAwMDAwLCJkZWxldGUiOjE4MDAwMDAwMDAwMDAsInJlYWQiOjMwMDAwMDAwMDAwMCwidXBkYXRlIjoxODAwMDAwMDAwMDAwfX0=",
          "dependencies": [
            "azurerm_resource_group.rg"
          ]
        }
      ]
    },
    {
      "mode": "managed",
      "type": "azurerm_resource_group",
      "name": "rg",
      "provider": "provider[\"registry.terraform.io/hashicorp/azurerm\"]",
      "instances": [
        {
          "schema_version": 0,
          "attributes": {
            "id": "/subscriptions/bb649e30-d650-43a7-a6d1-2c85eab4d156/resourceGroups/rg-archivespace-demo",
            "location": "eastus",
            "managed_by": "",
            "name": "rg-archivespace-demo",
            "tags": {},
            "timeouts": null
          },
          "sensitive_attributes": [],
          "identity_schema_version": 0,
          "private": "eyJlMmJmYjczMC1lY2FhLTExZTYtOGY4OC0zNDM2M2JjN2M0YzAiOnsiY3JlYXRlIjo1NDAwMDAwMDAwMDAwLCJkZWxldGUiOjU0MDAwMDAwMDAwMDAsInJlYWQiOjMwMDAwMDAwMDAwMCwidXBkYXRlIjo1NDAwMDAwMDAwMDAwfX0="
        }
      ]
    },
    {
      "mode": "managed",
      "type": "azurerm_subnet",
      "name": "subnet",
      "provider": "provider[\"registry.terraform.io/hashicorp/azurerm\"]",
      "instances": [
        {
          "schema_version": 0,
          "attributes": {
            "address_prefixes": [
              "10.0.1.0/24"
            ],
            "default_outbound_access_enabled": true,
            "delegation": [],
            "id": "/subscriptions/bb649e30-d650-43a7-a6d1-2c85eab4d156/resourceGroups/rg-archivespace-demo/providers/Microsoft.Network/virtualNetworks/vnet-archivespace/subnets/subnet-archivespace",
            "name": "subnet-archivespace",
            "private_endpoint_network_policies": "Disabled",
            "private_link_service_network_policies_enabled": true,
            "resource_group_name": "rg-archivespace-demo",
            "service_endpoint_policy_ids": [],
            "service_endpoints": [],
            "timeouts": null,
            "virtual_network_name": "vnet-archivespace"
          },
          "sensitive_attributes": [],
          "identity_schema_version": 0,
          "identity": {
            "name": "subnet-archivespace",
            "resource_group_name": "rg-archivespace-demo",
            "subscription_id": "bb649e30-d650-43a7-a6d1-2c85eab4d156",
            "virtual_network_name": "vnet-archivespace"
          },
          "private": "eyJlMmJmYjczMC1lY2FhLTExZTYtOGY4OC0zNDM2M2JjN2M0YzAiOnsiY3JlYXRlIjoxODAwMDAwMDAwMDAwLCJkZWxldGUiOjE4MDAwMDAwMDAwMDAsInJlYWQiOjMwMDAwMDAwMDAwMCwidXBkYXRlIjoxODAwMDAwMDAwMDAwfX0=",
          "dependencies": [
            "azurerm_resource_group.rg",
            "azurerm_virtual_network.vnet"
          ]
        }
      ]
    },
    {
      "mode": "managed",
      "type": "azurerm_virtual_machine_extension",
      "name": "archivesspace_install",
      "provider": "provider[\"registry.terraform.io/hashicorp/azurerm\"]",
      "instances": [
        {
          "schema_version": 0,
          "attributes": {
            "auto_upgrade_minor_version": false,
            "automatic_upgrade_enabled": false,
            "failure_suppression_enabled": false,
            "id": "/subscriptions/bb649e30-d650-43a7-a6d1-2c85eab4d156/resourceGroups/rg-archivespace-demo/providers/Microsoft.Compute/virtualMachines/vm-archivespace/extensions/install-archivesspace",
            "name": "install-archivesspace",
            "protected_settings": "    {\n      \"script\": \"ICAgICMhL2Jpbi9iYXNoCiAgICAjIEluc3RhbGwgQXJjaGl2ZXNTcGFjZSB2NC4xLjEgdXNpbmcgb2ZmaWNpYWwgRG9ja2VyIGNvbmZpZ3VyYXRpb24gcGFja2FnZQogICAgIyBGb2xsb3dpbmc6IGh0dHBzOi8vZG9jcy5hcmNoaXZlc3NwYWNlLm9yZy9hZG1pbmlzdHJhdGlvbi9kb2NrZXIvCgogICAgc2V0IC1lCgogICAgZWNobyAiPT09IEFyY2hpdmVzU3BhY2UgRG9ja2VyIEluc3RhbGxhdGlvbiA9PT0iCiAgICBlY2hvICJGb2xsb3dpbmcgb2ZmaWNpYWwgZG9jdW1lbnRhdGlvbjogaHR0cHM6Ly9kb2NzLmFyY2hpdmVzc3BhY2Uub3JnL2FkbWluaXN0cmF0aW9uL2RvY2tlci8iCiAgICBlY2hvICIiCgogICAgIyBVcGRhdGUgc3lzdGVtCiAgICBlY2hvICJVcGRhdGluZyBzeXN0ZW0gcGFja2FnZXMuLi4iCiAgICBhcHQtZ2V0IHVwZGF0ZQogICAgYXB0LWdldCBpbnN0YWxsIC15IFwKICAgICAgICBhcHQtdHJhbnNwb3J0LWh0dHBzIFwKICAgICAgICBjYS1jZXJ0aWZpY2F0ZXMgXAogICAgICAgIGN1cmwgXAogICAgICAgIGdudXBnIFwKICAgICAgICBsc2ItcmVsZWFzZSBcCiAgICAgICAgc29mdHdhcmUtcHJvcGVydGllcy1jb21tb24gXAogICAgICAgIHdnZXQgXAogICAgICAgIHVuemlwCgogICAgIyBJbnN0YWxsIERvY2tlciBFbmdpbmUKICAgIGVjaG8gIkluc3RhbGxpbmcgRG9ja2VyIEVuZ2luZS4uLiIKICAgIGN1cmwgLWZzU0wgaHR0cHM6Ly9kb3dubG9hZC5kb2NrZXIuY29tL2xpbnV4L3VidW50dS9ncGcgfCBhcHQta2V5IGFkZCAtCiAgICBhZGQtYXB0LXJlcG9zaXRvcnkgImRlYiBbYXJjaD1hbWQ2NF0gaHR0cHM6Ly9kb3dubG9hZC5kb2NrZXIuY29tL2xpbnV4L3VidW50dSAkKGxzYl9yZWxlYXNlIC1jcykgc3RhYmxlIgogICAgYXB0LWdldCB1cGRhdGUKICAgIERFQklBTl9GUk9OVEVORD1ub25pbnRlcmFjdGl2ZSBhcHQtZ2V0IGluc3RhbGwgLXkgZG9ja2VyLWNlIGRvY2tlci1jZS1jbGkgY29udGFpbmVyZC5pbwoKICAgICMgSW5zdGFsbCBEb2NrZXIgQ29tcG9zZQogICAgZWNobyAiSW5zdGFsbGluZyBEb2NrZXIgQ29tcG9zZS4uLiIKICAgIGN1cmwgLUwgImh0dHBzOi8vZ2l0aHViLmNvbS9kb2NrZXIvY29tcG9zZS9yZWxlYXNlcy9kb3dubG9hZC92Mi4yMC4wL2RvY2tlci1jb21wb3NlLSQodW5hbWUgLXMpLSQodW5hbWUgLW0pIiAtbyAvdXNyL2xvY2FsL2Jpbi9kb2NrZXItY29tcG9zZQogICAgY2htb2QgK3ggL3Vzci9sb2NhbC9iaW4vZG9ja2VyLWNvbXBvc2UKCiAgICAjIEVuYWJsZSBhbmQgc3RhcnQgRG9ja2VyCiAgICBzeXN0ZW1jdGwgZW5hYmxlIGRvY2tlcgogICAgc3lzdGVtY3RsIHN0YXJ0IGRvY2tlcgoKICAgICMgQWRkIGF6dXJldXNlciB0byBkb2NrZXIgZ3JvdXAKICAgIHVzZXJtb2QgLWFHIGRvY2tlciBhenVyZXVzZXIKCiAgICAjIENyZWF0ZSBhcmNoaXZlc3NwYWNlIGRpcmVjdG9yeQogICAgZWNobyAiU2V0dGluZyB1cCBBcmNoaXZlc1NwYWNlIGRpcmVjdG9yeS4uLiIKICAgIG1rZGlyIC1wIC9ob21lL2F6dXJldXNlci9hcmNoaXZlc3NwYWNlCiAgICBjZCAvaG9tZS9henVyZXVzZXIvYXJjaGl2ZXNzcGFjZQoKICAgICMgRG93bmxvYWQgdGhlIG9mZmljaWFsIEFyY2hpdmVzU3BhY2UgRG9ja2VyIGNvbmZpZ3VyYXRpb24gcGFja2FnZQogICAgZWNobyAiRG93bmxvYWRpbmcgQXJjaGl2ZXNTcGFjZSB2NC4xLjEgRG9ja2VyIGNvbmZpZ3VyYXRpb24gcGFja2FnZS4uLiIKICAgIHdnZXQgLU8gYXJjaGl2ZXNzcGFjZS1kb2NrZXIuemlwICJodHRwczovL2dpdGh1Yi5jb20vYXJjaGl2ZXNzcGFjZS9hcmNoaXZlc3NwYWNlL3JlbGVhc2VzL2Rvd25sb2FkL3Y0LjEuMS9hcmNoaXZlc3NwYWNlLWRvY2tlci12NC4xLjEuemlwIgoKICAgICMgRXh0cmFjdCB0aGUgY29uZmlndXJhdGlvbiBwYWNrYWdlIChub24taW50ZXJhY3RpdmUpCiAgICBlY2hvICJFeHRyYWN0aW5nIGNvbmZpZ3VyYXRpb24gcGFja2FnZS4uLiIKICAgIHVuemlwIC1vIGFyY2hpdmVzc3BhY2UtZG9ja2VyLnppcAogICAgcm0gYXJjaGl2ZXNzcGFjZS1kb2NrZXIuemlwCgogICAgIyBTZXQgcHJvcGVyIG93bmVyc2hpcAogICAgY2hvd24gLVIgYXp1cmV1c2VyOmF6dXJldXNlciAvaG9tZS9henVyZXVzZXIvYXJjaGl2ZXNzcGFjZQoKICAgICMgVXBkYXRlIHRoZSAuZW52IGZpbGUgd2l0aCBzZWN1cmUgcGFzc3dvcmRzCiAgICBlY2hvICJDb25maWd1cmluZyBlbnZpcm9ubWVudCB2YXJpYWJsZXMuLi4iCiAgICBjYXQgPiAuZW52IDw8J0VPRicKIyBEYXRhYmFzZSBjcmVkZW50aWFscwpNWVNRTF9ST09UX1BBU1NXT1JEPWFyY2hpdmVzcGFjZV9yb290X3Bhc3N3b3JkXzIwMjQKTVlTUUxfREFUQUJBU0U9YXJjaGl2ZXNzcGFjZQpNWVNRTF9VU0VSPWFyY2hpdmVzc3BhY2UKTVlTUUxfUEFTU1dPUkQ9YXJjaGl2ZXNwYWNlX3VzZXJfcGFzc3dvcmRfMjAyNAoKIyBEYXRhYmFzZSBjb25uZWN0aW9uIFVSSSAodXBkYXRlIGFmdGVyIGNoYW5naW5nIHBhc3N3b3JkcyBhYm92ZSkKQVNQQUNFX0RCX1VSTD1qZGJjOm15c3FsOi8vZGI6MzMwNi9hcmNoaXZlc3NwYWNlP3VzZVVuaWNvZGU9dHJ1ZSZjaGFyYWN0ZXJFbmNvZGluZz1VVEYtOCZ1c2VyPWFyY2hpdmVzc3BhY2UmcGFzc3dvcmQ9YXJjaGl2ZXNwYWNlX3VzZXJfcGFzc3dvcmRfMjAyNCZ1c2VTU0w9ZmFsc2UmYWxsb3dQdWJsaWNLZXlSZXRyaWV2YWw9dHJ1ZSZzZXJ2ZXJUaW1lem9uZT1VVEMKCiMgQXJjaGl2ZXNTcGFjZSBjb25maWd1cmF0aW9uCkFTUEFDRV9TRUNSRVRfS0VZPWFyY2hpdmVzcGFjZV9zZWNyZXRfa2V5XzIwMjRfdmVyeV9sb25nX2FuZF9zZWN1cmUKQVNQQUNFX1BMVUdJTlM9bG9jYWwsbGNuYWYKCiMgUHVibGljIFVSTCBjb25maWd1cmF0aW9uIChmaXhlcyBsb2NhbGhvc3QgcmVkaXJlY3QgaXNzdWUpCkFTUEFDRV9QVUJMSUNfVVJMPWh0dHA6Ly8xNzIuMTczLjE2My4xMTYKQVNQQUNFX0JBQ0tFTkRfVVJMPWh0dHA6Ly8xNzIuMTczLjE2My4xMTYKCiMgTmdpbnggY29uZmlndXJhdGlvbgpOR0lOWF9QT1JUPTgwCkVPRgoKICAgICMgU2V0IHByb3BlciBvd25lcnNoaXAgb2YgLmVudiBmaWxlCiAgICBjaG93biBhenVyZXVzZXI6YXp1cmV1c2VyIC5lbnYKCiAgICAjIFN0YXJ0IEFyY2hpdmVzU3BhY2UgdXNpbmcgdGhlIG9mZmljaWFsIGNvbmZpZ3VyYXRpb24KICAgIGVjaG8gIlN0YXJ0aW5nIEFyY2hpdmVzU3BhY2Ugd2l0aCBvZmZpY2lhbCBEb2NrZXIgY29uZmlndXJhdGlvbi4uLiIKICAgIGVjaG8gIlRoaXMgbWF5IHRha2UgNS0xMCBtaW51dGVzIGZvciB0aGUgZmlyc3Qgc3RhcnR1cC4uLiIKICAgIGNkIC9ob21lL2F6dXJldXNlci9hcmNoaXZlc3NwYWNlL2FyY2hpdmVzc3BhY2UKICAgIHN1ZG8gLXUgYXp1cmV1c2VyIGRvY2tlciBjb21wb3NlIHVwIC0tZGV0YWNoCgogICAgIyBXYWl0IGZvciBBcmNoaXZlc1NwYWNlIHRvIHN0YXJ0IGFuZCB0aGVuIGNvbmZpZ3VyZSBwdWJsaWMgVVJMcwogICAgZWNobyAiV2FpdGluZyBmb3IgQXJjaGl2ZXNTcGFjZSB0byBzdGFydC4uLiIKICAgIHNsZWVwIDEyMAoKICAgICMgQ29uZmlndXJlIEFyY2hpdmVzU3BhY2UgdG8gdXNlIGV4dGVybmFsIFVSTHMgaW5zdGVhZCBvZiBsb2NhbGhvc3QKICAgIGVjaG8gIkNvbmZpZ3VyaW5nIEFyY2hpdmVzU3BhY2UgcHVibGljIFVSTHMuLi4iCiAgICBjZCAvaG9tZS9henVyZXVzZXIvYXJjaGl2ZXNzcGFjZS9hcmNoaXZlc3NwYWNlCiAgICAKICAgICMgQ3JlYXRlIGEgY29uZmlndXJhdGlvbiBzY3JpcHQgdG8gZml4IFVSTCBpc3N1ZXMKICAgIGNhdCA+IGNvbmZpZy9jb25maWcucmIgPDwgJ0VPRicKICAgICMgQXJjaGl2ZXNTcGFjZSBDb25maWd1cmF0aW9uCiAgICAjIFRoaXMgZml4ZXMgdGhlIGxvY2FsaG9zdCByZWRpcmVjdCBpc3N1ZSB3aGVuIGJlaGluZCBhIHJldmVyc2UgcHJveHkKCiAgICAjIFNldCB0aGUgcHVibGljIFVSTCB0byB0aGUgZXh0ZXJuYWwgSVAKICAgIEFwcENvbmZpZ1s6cHVibGljX3VybF0gPSAiaHR0cDovLzE3Mi4xNzMuMTYzLjExNiIKICAgIEFwcENvbmZpZ1s6YmFja2VuZF91cmxdID0gImh0dHA6Ly8xNzIuMTczLjE2My4xMTYiCiAgICAKICAgICMgQ29uZmlndXJlIHByb3h5IHNldHRpbmdzCiAgICBBcHBDb25maWdbOmZyb250ZW5kX3Byb3h5X3ByZWZpeF0gPSAiIgogICAgQXBwQ29uZmlnWzpwdWJsaWNfcHJveHlfcHJlZml4XSA9ICIiCiAgICBBcHBDb25maWdbOmJhY2tlbmRfcHJveHlfcHJlZml4XSA9ICIiCiAgICAKICAgICMgRGlzYWJsZSBTU0wgcmVxdWlyZW1lbnQgZm9yIGRlbW8KICAgIEFwcENvbmZpZ1s6ZnJvbnRlbmRfc3NsX3ZlcmlmeV0gPSBmYWxzZQogICAgQXBwQ29uZmlnWzpiYWNrZW5kX3NzbF92ZXJpZnldID0gZmFsc2UKRU9GCgogICAgIyBSZXN0YXJ0IEFyY2hpdmVzU3BhY2UgdG8gYXBwbHkgdGhlIG5ldyBjb25maWd1cmF0aW9uCiAgICBlY2hvICJSZXN0YXJ0aW5nIEFyY2hpdmVzU3BhY2UgdG8gYXBwbHkgVVJMIGNvbmZpZ3VyYXRpb24uLi4iCiAgICBjZCAvaG9tZS9henVyZXVzZXIvYXJjaGl2ZXNzcGFjZS9hcmNoaXZlc3NwYWNlCiAgICBzdWRvIC11IGF6dXJldXNlciBkb2NrZXIgY29tcG9zZSByZXN0YXJ0IGFyY2hpdmVzc3BhY2UKCiAgICAjIENyZWF0ZSBhIHN0YXR1cyBtb25pdG9yaW5nIHNjcmlwdAogICAgY2F0IDw8RU9GID4gL2hvbWUvYXp1cmV1c2VyL2NoZWNrLXN0YXR1cy5zaAogICAgIyEvYmluL2Jhc2gKICAgIGVjaG8gIj09PSBBcmNoaXZlc1NwYWNlIFN0YXR1cyBDaGVjayA9PT0iCiAgICBlY2hvICIiCgogICAgZWNobyAiMS4gRG9ja2VyIGNvbnRhaW5lcnMgc3RhdHVzOiIKICAgIGRvY2tlciBjb21wb3NlIC1mIC9ob21lL2F6dXJldXNlci9hcmNoaXZlc3NwYWNlL2FyY2hpdmVzc3BhY2UvZG9ja2VyLWNvbXBvc2UueW1sIHBzCiAgICBlY2hvICIiCgogICAgZWNobyAiMi4gQ29udGFpbmVyIGxvZ3MgKGxhc3QgMjAgbGluZXMpOiIKICAgIGRvY2tlciBjb21wb3NlIC1mIC9ob21lL2F6dXJldXNlci9hcmNoaXZlc3NwYWNlL2FyY2hpdmVzc3BhY2UvZG9ja2VyLWNvbXBvc2UueW1sIGxvZ3MgLS10YWlsPTIwCiAgICBlY2hvICIiCgogICAgZWNobyAiMy4gUG9ydCBsaXN0ZW5pbmcgc3RhdHVzOiIKICAgIG5ldHN0YXQgLXRsbnAgfCBncmVwIC1FICc6KDgwfDgwODB8ODA4MXw4MDg5fDg5ODN8MzMwNiknIHx8IGVjaG8gIk5vIHBvcnRzIGxpc3RlbmluZyB5ZXQiCiAgICBlY2hvICIiCgogICAgZWNobyAiNC4gQXJjaGl2ZXNTcGFjZSBlbmRwb2ludHM6IgogICAgZWNobyAiVGVzdGluZyBwdWJsaWMgaW50ZXJmYWNlIChwb3J0IDgwKToiCiAgICBjdXJsIC1zIC1vIC9kZXYvbnVsbCAtdyAiSFRUUCBTdGF0dXM6ICV7aHR0cF9jb2RlfVxuIiBodHRwOi8vbG9jYWxob3N0LyB8fCBlY2hvICJOb3QgcmVzcG9uZGluZyIKICAgIGVjaG8gIiIKCiAgICBlY2hvICJUZXN0aW5nIHN0YWZmIGludGVyZmFjZSAocG9ydCA4MC9zdGFmZi8pOiIKICAgIGN1cmwgLXMgLW8gL2Rldi9udWxsIC13ICJIVFRQIFN0YXR1czogJXtodHRwX2NvZGV9XG4iIGh0dHA6Ly9sb2NhbGhvc3Qvc3RhZmYvIHx8IGVjaG8gIk5vdCByZXNwb25kaW5nIgogICAgZWNobyAiIgoKICAgIGVjaG8gIjUuIERpcmVjdCBBcmNoaXZlc1NwYWNlIHBvcnRzIChmb3IgZGVidWdnaW5nKToiCiAgICBlY2hvICJUZXN0aW5nIHN0YWZmIGludGVyZmFjZSAocG9ydCA4MDgwKToiCiAgICBjdXJsIC1zIC1vIC9kZXYvbnVsbCAtdyAiSFRUUCBTdGF0dXM6ICV7aHR0cF9jb2RlfVxuIiBodHRwOi8vbG9jYWxob3N0OjgwODAgfHwgZWNobyAiTm90IHJlc3BvbmRpbmciCiAgICBlY2hvICIiCgogICAgZWNobyAiVGVzdGluZyBwdWJsaWMgaW50ZXJmYWNlIChwb3J0IDgwODEpOiIKICAgIGN1cmwgLXMgLW8gL2Rldi9udWxsIC13ICJIVFRQIFN0YXR1czogJXtodHRwX2NvZGV9XG4iIGh0dHA6Ly9sb2NhbGhvc3Q6ODA4MSB8fCBlY2hvICJOb3QgcmVzcG9uZGluZyIKICAgIGVjaG8gIiIKCiAgICBlY2hvICJUZXN0aW5nIEFQSSAocG9ydCA4MDg5KToiCiAgICBjdXJsIC1zIC1vIC9kZXYvbnVsbCAtdyAiSFRUUCBTdGF0dXM6ICV7aHR0cF9jb2RlfVxuIiBodHRwOi8vbG9jYWxob3N0OjgwODkgfHwgZWNobyAiTm90IHJlc3BvbmRpbmciCiAgICBlY2hvICIiCgogICAgZWNobyAiPT09IEVuZCBTdGF0dXMgQ2hlY2sgPT09IgogICAgRU9GCgogICAgY2htb2QgK3ggL2hvbWUvYXp1cmV1c2VyL2NoZWNrLXN0YXR1cy5zaAogICAgY2hvd24gYXp1cmV1c2VyOmF6dXJldXNlciAvaG9tZS9henVyZXVzZXIvY2hlY2stc3RhdHVzLnNoCgogICAgIyBDcmVhdGUgYSBzdGFydHVwIHNjcmlwdAogICAgY2F0IDw8RU9GID4gL2hvbWUvYXp1cmV1c2VyL3N0YXJ0LWFyY2hpdmVzc3BhY2Uuc2gKICAgICMhL2Jpbi9iYXNoCiAgICBjZCAvaG9tZS9henVyZXVzZXIvYXJjaGl2ZXNzcGFjZS9hcmNoaXZlc3NwYWNlCiAgICBlY2hvICJTdGFydGluZyBBcmNoaXZlc1NwYWNlLi4uIgogICAgZG9ja2VyIGNvbXBvc2UgdXAgLS1kZXRhY2gKICAgIGVjaG8gIkFyY2hpdmVzU3BhY2UgaXMgc3RhcnRpbmcgdXAgKHRoaXMgbWF5IHRha2UgNS0xMCBtaW51dGVzKS4uLiIKICAgIGVjaG8gIk1vbml0b3IgcHJvZ3Jlc3Mgd2l0aDogZG9ja2VyIGNvbXBvc2UgbG9ncyAtLWZvbGxvdyIKICAgIGVjaG8gIiIKICAgIGVjaG8gIk9uY2UgZnVsbHkgc3RhcnRlZCwgQXJjaGl2ZXNTcGFjZSB3aWxsIGJlIGF2YWlsYWJsZSBhdDoiCiAgICBlY2hvICIgIC0gUHVibGljIGludGVyZmFjZTogaHR0cDovL1wkKGN1cmwgLXMgaWZjb25maWcubWUpLyIKICAgIGVjaG8gIiAgLSBTdGFmZiBpbnRlcmZhY2U6IGh0dHA6Ly9cJChjdXJsIC1zIGlmY29uZmlnLm1lKS9zdGFmZi8iCiAgICBlY2hvICIgIC0gQVBJOiBodHRwOi8vXCQoY3VybCAtcyBpZmNvbmZpZy5tZSkvYXBpLyIKICAgIGVjaG8gIiIKICAgIGVjaG8gIkRlZmF1bHQgbG9naW4gY3JlZGVudGlhbHM6IGFkbWluIC8gYWRtaW4iCiAgICBFT0YKCiAgICBjaG1vZCAreCAvaG9tZS9henVyZXVzZXIvc3RhcnQtYXJjaGl2ZXNzcGFjZS5zaAogICAgY2hvd24gYXp1cmV1c2VyOmF6dXJldXNlciAvaG9tZS9henVyZXVzZXIvc3RhcnQtYXJjaGl2ZXNzcGFjZS5zaAoKICAgICMgV2FpdCBmb3IgaW5pdGlhbCBzdGFydHVwCiAgICBlY2hvICJXYWl0aW5nIGZvciBBcmNoaXZlc1NwYWNlIHRvIHN0YXJ0IHVwLi4uIgogICAgc2xlZXAgNjAKCiAgICAjIFNob3cgaW5pdGlhbCBzdGF0dXMKICAgIGVjaG8gIiIKICAgIGVjaG8gIj09PSBJbml0aWFsIFN0YXR1cyBDaGVjayA9PT0iCiAgICBzdWRvIC11IGF6dXJldXNlciAvaG9tZS9henVyZXVzZXIvY2hlY2stc3RhdHVzLnNoCgogICAgZWNobyAiIgogICAgZWNobyAiPT09IEluc3RhbGxhdGlvbiBDb21wbGV0ZSA9PT0iCiAgICBlY2hvICIiCiAgICBlY2hvICJBcmNoaXZlc1NwYWNlIGlzIHN0YXJ0aW5nIHVwICh0aGlzIG1heSB0YWtlIDUtMTAgbWludXRlcyBmb3IgZnVsbCBzdGFydHVwKS4uLiIKICAgIGVjaG8gIiIKICAgIGVjaG8gIkFjY2VzcyBVUkxzOiIKICAgIGVjaG8gIiAgLSBQdWJsaWMgaW50ZXJmYWNlOiBodHRwOi8vJChjdXJsIC1zIGlmY29uZmlnLm1lKS8iCiAgICBlY2hvICIgIC0gU3RhZmYgaW50ZXJmYWNlOiBodHRwOi8vJChjdXJsIC1zIGlmY29uZmlnLm1lKS9zdGFmZi8iCiAgICBlY2hvICIgIC0gQVBJOiBodHRwOi8vJChjdXJsIC1zIGlmY29uZmlnLm1lKS9hcGkvIgogICAgZWNobyAiIgogICAgZWNobyAiRGVmYXVsdCBsb2dpbiBjcmVkZW50aWFsczoiCiAgICBlY2hvICIgIFVzZXJuYW1lOiBhZG1pbiIKICAgIGVjaG8gIiAgUGFzc3dvcmQ6IGFkbWluIgogICAgZWNobyAiIgogICAgZWNobyAiVG8gbW9uaXRvciBwcm9ncmVzczoiCiAgICBlY2hvICIgIHNzaCBhenVyZXVzZXJAJChjdXJsIC1zIGlmY29uZmlnLm1lKSIKICAgIGVjaG8gIiAgY2QgYXJjaGl2ZXNzcGFjZSIKICAgIGVjaG8gIiAgZG9ja2VyIGNvbXBvc2UgbG9ncyAtLWZvbGxvdyIKICAgIGVjaG8gIiIKICAgIGVjaG8gIlRvIGNoZWNrIHN0YXR1czoiCiAgICBlY2hvICIgIC4vY2hlY2stc3RhdHVzLnNoIgogICAgZWNobyAiIgogICAgZWNobyAiRm9sbG93aW5nIG9mZmljaWFsIGRvY3VtZW50YXRpb246IGh0dHBzOi8vZG9jcy5hcmNoaXZlc3NwYWNlLm9yZy9hZG1pbmlzdHJhdGlvbi9kb2NrZXIvIgo=\"\n    }\n",
            "protected_settings_from_key_vault": [],
            "provision_after_extensions": [],
            "publisher": "Microsoft.Azure.Extensions",
            "settings": "{}",
            "tags": {},
            "timeouts": null,
            "type": "CustomScript",
            "type_handler_version": "2.1",
            "virtual_machine_id": "/subscriptions/bb649e30-d650-43a7-a6d1-2c85eab4d156/resourceGroups/rg-archivespace-demo/providers/Microsoft.Compute/virtualMachines/vm-archivespace"
          },
          "sensitive_attributes": [
            [
              {
                "type": "get_attr",
                "value": "protected_settings"
              }
            ]
          ],
          "identity_schema_version": 0,
          "private": "eyJlMmJmYjczMC1lY2FhLTExZTYtOGY4OC0zNDM2M2JjN2M0YzAiOnsiY3JlYXRlIjoxODAwMDAwMDAwMDAwLCJkZWxldGUiOjE4MDAwMDAwMDAwMDAsInJlYWQiOjMwMDAwMDAwMDAwMCwidXBkYXRlIjoxODAwMDAwMDAwMDAwfX0=",
          "dependencies": [
            "azurerm_linux_virtual_machine.vm",
            "azurerm_network_interface.nic",
            "azurerm_public_ip.public_ip",
            "azurerm_resource_group.rg",
            "azurerm_subnet.subnet",
            "azurerm_virtual_network.vnet"
          ]
        }
      ]
    },
    {
      "mode": "managed",
      "type": "azurerm_virtual_network",
      "name": "vnet",
      "provider": "provider[\"registry.terraform.io/hashicorp/azurerm\"]",
      "instances": [
        {
          "schema_version": 0,
          "attributes": {
            "address_space": [
              "10.0.0.0/16"
            ],
            "bgp_community": "",
            "ddos_protection_plan": [],
            "dns_servers": [],
            "edge_zone": "",
            "encryption": [],
            "flow_timeout_in_minutes": 0,
            "guid": "87863521-db6a-4f8a-8c26-669585087f1a",
            "id": "/subscriptions/bb649e30-d650-43a7-a6d1-2c85eab4d156/resourceGroups/rg-archivespace-demo/providers/Microsoft.Network/virtualNetworks/vnet-archivespace",
            "ip_address_pool": [],
            "location": "eastus",
            "name": "vnet-archivespace",
            "private_endpoint_vnet_policies": "Disabled",
            "resource_group_name": "rg-archivespace-demo",
            "subnet": [
              {
                "address_prefixes": [
                  "10.0.1.0/24"
                ],
                "default_outbound_access_enabled": true,
                "delegation": [],
                "id": "/subscriptions/bb649e30-d650-43a7-a6d1-2c85eab4d156/resourceGroups/rg-archivespace-demo/providers/Microsoft.Network/virtualNetworks/vnet-archivespace/subnets/subnet-archivespace",
                "name": "subnet-archivespace",
                "private_endpoint_network_policies": "Disabled",
                "private_link_service_network_policies_enabled": true,
                "route_table_id": "",
                "security_group": "",
                "service_endpoint_policy_ids": [],
                "service_endpoints": []
              }
            ],
            "tags": {},
            "timeouts": null
          },
          "sensitive_attributes": [],
          "identity_schema_version": 0,
          "identity": {
            "name": "vnet-archivespace",
            "resource_group_name": "rg-archivespace-demo",
            "subscription_id": "bb649e30-d650-43a7-a6d1-2c85eab4d156"
          },
          "private": "eyJlMmJmYjczMC1lY2FhLTExZTYtOGY4OC0zNDM2M2JjN2M0YzAiOnsiY3JlYXRlIjoxODAwMDAwMDAwMDAwLCJkZWxldGUiOjE4MDAwMDAwMDAwMDAsInJlYWQiOjMwMDAwMDAwMDAwMCwidXBkYXRlIjoxODAwMDAwMDAwMDAwfX0=",
          "dependencies": [
            "azurerm_resource_group.rg"
          ]
        }
      ]
    }
  ],
  "check_results": null
}
